
Microsoft Visual Studio Solution File, Format Version 12.00
# Visual Studio Version 17
VisualStudioVersion = 17.10.35027.167
MinimumVisualStudioVersion = 10.0.40219.1
Project("{FAE04EC0-301F-11D3-BF4B-00C04F79EFBC}") = "ContentXtractor", "ContentXtractor.csproj", "{843E2FFD-7AD7-4FC3-9852-63BEEAA69664}"
EndProject
Global
	GlobalSection(SolutionConfigurationPlatforms) = preSolution
		Debug|Any CPU = Debug|Any CPU
		Release|Any CPU = Release|Any CPU
	EndGlobalSection
	GlobalSection(ProjectConfigurationPlatforms) = postSolution
		{843E2FFD-7AD7-4FC3-9852-63BEEAA69664}.Debug|Any CPU.ActiveCfg = Debug|Any CPU
		{843E2FFD-7AD7-4FC3-9852-63BEEAA69664}.Debug|Any CPU.Build.0 = Debug|Any CPU
		{843E2FFD-7AD7-4FC3-9852-63BEEAA69664}.Release|Any CPU.ActiveCfg = Release|Any CPU
		{843E2FFD-7AD7-4FC3-9852-63BEEAA69664}.Release|Any CPU.Build.0 = Release|Any CPU
	EndGlobalSection
	GlobalSection(SolutionProperties) = preSolution
		HideSolutionNode = FALSE
	EndGlobalSection
	GlobalSection(ExtensibilityGlobals) = postSolution
		SolutionGuid = {59968C60-4B65-4976-BCEB-AA01DE9B2146}
	EndGlobalSection
EndGlobal
